
Microsoft Visual Studio Solution File, Format Version 12.00
# Visual Studio Version 17
VisualStudioVersion = 17.3.32825.248
MinimumVisualStudioVersion = 10.0.40219.1
Project("{FAE04EC0-301F-11D3-BF4B-00C04F79EFBC}") = "Securyt", "Securyt\Securyt.csproj", "{0284B6AC-F6E6-47A8-B695-9E2C5C8C267B}"
EndProject
Global
	GlobalSection(SolutionConfigurationPlatforms) = preSolution
		Debug|Any CPU = Debug|Any CPU
		Release|Any CPU = Release|Any CPU
	EndGlobalSection
	GlobalSection(ProjectConfigurationPlatforms) = postSolution
		{0284B6AC-F6E6-47A8-B695-9E2C5C8C267B}.Debug|Any CPU.ActiveCfg = Debug|Any CPU
		{0284B6AC-F6E6-47A8-B695-9E2C5C8C267B}.Debug|Any CPU.Build.0 = Debug|Any CPU
		{0284B6AC-F6E6-47A8-B695-9E2C5C8C267B}.Release|Any CPU.ActiveCfg = Release|Any CPU
		{0284B6AC-F6E6-47A8-B695-9E2C5C8C267B}.Release|Any CPU.Build.0 = Release|Any CPU
	EndGlobalSection
	GlobalSection(SolutionProperties) = preSolution
		HideSolutionNode = FALSE
	EndGlobalSection
	GlobalSection(ExtensibilityGlobals) = postSolution
		SolutionGuid = {5A50A444-2AE8-4175-8B1E-51CF8F1C58B8}
	EndGlobalSection
EndGlobal
